
Microsoft Visual Studio Solution File, Format Version 12.00
# Visual Studio Version 17
VisualStudioVersion = 17.7.34202.233
MinimumVisualStudioVersion = 10.0.40219.1
Project("{FAE04EC0-301F-11D3-BF4B-00C04F79EFBC}") = "AvgOfFiveNumbers", "AvgOfFiveNumbers\AvgOfFiveNumbers.csproj", "{AFA81C14-C129-4A6F-838B-842C4D70C23F}"
EndProject
Project("{FAE04EC0-301F-11D3-BF4B-00C04F79EFBC}") = "EvenNumberFinder", "EvenNumberFinder\EvenNumberFinder.csproj", "{2A7ED32B-B754-4E20-B9C4-3D7302F5DA06}"
EndProject
Global
	GlobalSection(SolutionConfigurationPlatforms) = preSolution
		Debug|Any CPU = Debug|Any CPU
		Release|Any CPU = Release|Any CPU
	EndGlobalSection
	GlobalSection(ProjectConfigurationPlatforms) = postSolution
		{AFA81C14-C129-4A6F-838B-842C4D70C23F}.Debug|Any CPU.ActiveCfg = Debug|Any CPU
		{AFA81C14-C129-4A6F-838B-842C4D70C23F}.Debug|Any CPU.Build.0 = Debug|Any CPU
		{AFA81C14-C129-4A6F-838B-842C4D70C23F}.Release|Any CPU.ActiveCfg = Release|Any CPU
		{AFA81C14-C129-4A6F-838B-842C4D70C23F}.Release|Any CPU.Build.0 = Release|Any CPU
		{2A7ED32B-B754-4E20-B9C4-3D7302F5DA06}.Debug|Any CPU.ActiveCfg = Debug|Any CPU
		{2A7ED32B-B754-4E20-B9C4-3D7302F5DA06}.Debug|Any CPU.Build.0 = Debug|Any CPU
		{2A7ED32B-B754-4E20-B9C4-3D7302F5DA06}.Release|Any CPU.ActiveCfg = Release|Any CPU
		{2A7ED32B-B754-4E20-B9C4-3D7302F5DA06}.Release|Any CPU.Build.0 = Release|Any CPU
	EndGlobalSection
	GlobalSection(SolutionProperties) = preSolution
		HideSolutionNode = FALSE
	EndGlobalSection
	GlobalSection(ExtensibilityGlobals) = postSolution
		SolutionGuid = {A2D20B4F-A6A3-4938-80A4-71A7CE5A519C}
	EndGlobalSection
EndGlobal
