
Microsoft Visual Studio Solution File, Format Version 12.00
# Visual Studio Version 17
VisualStudioVersion = 17.7.34202.233
MinimumVisualStudioVersion = 10.0.40219.1
Project("{9A19103F-16F7-4668-BE54-9A1E7A4F7556}") = "AvgOfFiveNumbers", "AvgOfFiveNumbers\AvgOfFiveNumbers.csproj", "{AFA81C14-C129-4A6F-838B-842C4D70C23F}"
EndProject
Project("{9A19103F-16F7-4668-BE54-9A1E7A4F7556}") = "EvenNumberFinder", "EvenNumberFinder\EvenNumberFinder.csproj", "{2A7ED32B-B754-4E20-B9C4-3D7302F5DA06}"
EndProject
Project("{9A19103F-16F7-4668-BE54-9A1E7A4F7556}") = "OddsAndEvensCount", "OddsAndEvensCount\OddsAndEvensCount.csproj", "{AEBB9B75-60A6-475D-9DBE-BC31C8AA750B}"
EndProject
Project("{9A19103F-16F7-4668-BE54-9A1E7A4F7556}") = "ArrayReverse", "ArrayReverse\ArrayReverse.csproj", "{CD290382-480E-4325-99BE-C4F22E2D0835}"
EndProject
Project("{9A19103F-16F7-4668-BE54-9A1E7A4F7556}") = "CharCounter", "CharCounter\CharCounter.csproj", "{9E691429-C180-4EA8-9138-4B26C8001C41}"
EndProject
Project("{9A19103F-16F7-4668-BE54-9A1E7A4F7556}") = "RecursiveArrayPrinter", "RecursiveArrayPrinter\RecursiveArrayPrinter.csproj", "{F9E8D046-7F64-447E-9674-D32CEC4C8FF6}"
EndProject
Project("{9A19103F-16F7-4668-BE54-9A1E7A4F7556}") = "RecursiveArraySum", "RecursiveArraySum\RecursiveArraySum.csproj", "{4497869A-9255-42E4-9DAB-8C4E1D20CB3C}"
EndProject
Project("{FAE04EC0-301F-11D3-BF4B-00C04F79EFBC}") = "FindMaxInArray", "FindMaxInArray\FindMaxInArray.csproj", "{DEAF41E2-FCAD-4453-A8B8-E6343E4F4C04}"
EndProject
Project("{FAE04EC0-301F-11D3-BF4B-00C04F79EFBC}") = "EvenNumberPrinter", "EvenNumberPrinter\EvenNumberPrinter.csproj", "{BAAE87A4-CA58-468B-B89C-34916D837158}"
EndProject
Project("{FAE04EC0-301F-11D3-BF4B-00C04F79EFBC}") = "CopyArray", "CopyArray\CopyArray.csproj", "{1A9E7DC5-B2C1-428F-9AA4-328F59FE4709}"
EndProject
Project("{FAE04EC0-301F-11D3-BF4B-00C04F79EFBC}") = "UniqieElementPrinter", "UniqieElementPrinter\UniqieElementPrinter.csproj", "{20A684BE-406D-4ADD-AD85-B174EB68FBFA}"
EndProject
Project("{FAE04EC0-301F-11D3-BF4B-00C04F79EFBC}") = "FindMaxNumberIndex", "FindMaxNumberIndex\FindMaxNumberIndex.csproj", "{8243A3E5-0351-4CCF-94AB-6B3781DA6420}"
EndProject
Global
	GlobalSection(SolutionConfigurationPlatforms) = preSolution
		Debug|Any CPU = Debug|Any CPU
		Release|Any CPU = Release|Any CPU
	EndGlobalSection
	GlobalSection(ProjectConfigurationPlatforms) = postSolution
		{AFA81C14-C129-4A6F-838B-842C4D70C23F}.Debug|Any CPU.ActiveCfg = Debug|Any CPU
		{AFA81C14-C129-4A6F-838B-842C4D70C23F}.Debug|Any CPU.Build.0 = Debug|Any CPU
		{AFA81C14-C129-4A6F-838B-842C4D70C23F}.Release|Any CPU.ActiveCfg = Release|Any CPU
		{AFA81C14-C129-4A6F-838B-842C4D70C23F}.Release|Any CPU.Build.0 = Release|Any CPU
		{2A7ED32B-B754-4E20-B9C4-3D7302F5DA06}.Debug|Any CPU.ActiveCfg = Debug|Any CPU
		{2A7ED32B-B754-4E20-B9C4-3D7302F5DA06}.Debug|Any CPU.Build.0 = Debug|Any CPU
		{2A7ED32B-B754-4E20-B9C4-3D7302F5DA06}.Release|Any CPU.ActiveCfg = Release|Any CPU
		{2A7ED32B-B754-4E20-B9C4-3D7302F5DA06}.Release|Any CPU.Build.0 = Release|Any CPU
		{AEBB9B75-60A6-475D-9DBE-BC31C8AA750B}.Debug|Any CPU.ActiveCfg = Debug|Any CPU
		{AEBB9B75-60A6-475D-9DBE-BC31C8AA750B}.Debug|Any CPU.Build.0 = Debug|Any CPU
		{AEBB9B75-60A6-475D-9DBE-BC31C8AA750B}.Release|Any CPU.ActiveCfg = Release|Any CPU
		{AEBB9B75-60A6-475D-9DBE-BC31C8AA750B}.Release|Any CPU.Build.0 = Release|Any CPU
		{CD290382-480E-4325-99BE-C4F22E2D0835}.Debug|Any CPU.ActiveCfg = Debug|Any CPU
		{CD290382-480E-4325-99BE-C4F22E2D0835}.Debug|Any CPU.Build.0 = Debug|Any CPU
		{CD290382-480E-4325-99BE-C4F22E2D0835}.Release|Any CPU.ActiveCfg = Release|Any CPU
		{CD290382-480E-4325-99BE-C4F22E2D0835}.Release|Any CPU.Build.0 = Release|Any CPU
		{9E691429-C180-4EA8-9138-4B26C8001C41}.Debug|Any CPU.ActiveCfg = Debug|Any CPU
		{9E691429-C180-4EA8-9138-4B26C8001C41}.Debug|Any CPU.Build.0 = Debug|Any CPU
		{9E691429-C180-4EA8-9138-4B26C8001C41}.Release|Any CPU.ActiveCfg = Release|Any CPU
		{9E691429-C180-4EA8-9138-4B26C8001C41}.Release|Any CPU.Build.0 = Release|Any CPU
		{F9E8D046-7F64-447E-9674-D32CEC4C8FF6}.Debug|Any CPU.ActiveCfg = Debug|Any CPU
		{F9E8D046-7F64-447E-9674-D32CEC4C8FF6}.Debug|Any CPU.Build.0 = Debug|Any CPU
		{F9E8D046-7F64-447E-9674-D32CEC4C8FF6}.Release|Any CPU.ActiveCfg = Release|Any CPU
		{F9E8D046-7F64-447E-9674-D32CEC4C8FF6}.Release|Any CPU.Build.0 = Release|Any CPU
		{4497869A-9255-42E4-9DAB-8C4E1D20CB3C}.Debug|Any CPU.ActiveCfg = Debug|Any CPU
		{4497869A-9255-42E4-9DAB-8C4E1D20CB3C}.Debug|Any CPU.Build.0 = Debug|Any CPU
		{4497869A-9255-42E4-9DAB-8C4E1D20CB3C}.Release|Any CPU.ActiveCfg = Release|Any CPU
		{4497869A-9255-42E4-9DAB-8C4E1D20CB3C}.Release|Any CPU.Build.0 = Release|Any CPU
		{DEAF41E2-FCAD-4453-A8B8-E6343E4F4C04}.Debug|Any CPU.ActiveCfg = Debug|Any CPU
		{DEAF41E2-FCAD-4453-A8B8-E6343E4F4C04}.Debug|Any CPU.Build.0 = Debug|Any CPU
		{DEAF41E2-FCAD-4453-A8B8-E6343E4F4C04}.Release|Any CPU.ActiveCfg = Release|Any CPU
		{DEAF41E2-FCAD-4453-A8B8-E6343E4F4C04}.Release|Any CPU.Build.0 = Release|Any CPU
		{BAAE87A4-CA58-468B-B89C-34916D837158}.Debug|Any CPU.ActiveCfg = Debug|Any CPU
		{BAAE87A4-CA58-468B-B89C-34916D837158}.Debug|Any CPU.Build.0 = Debug|Any CPU
		{BAAE87A4-CA58-468B-B89C-34916D837158}.Release|Any CPU.ActiveCfg = Release|Any CPU
		{BAAE87A4-CA58-468B-B89C-34916D837158}.Release|Any CPU.Build.0 = Release|Any CPU
		{1A9E7DC5-B2C1-428F-9AA4-328F59FE4709}.Debug|Any CPU.ActiveCfg = Debug|Any CPU
		{1A9E7DC5-B2C1-428F-9AA4-328F59FE4709}.Debug|Any CPU.Build.0 = Debug|Any CPU
		{1A9E7DC5-B2C1-428F-9AA4-328F59FE4709}.Release|Any CPU.ActiveCfg = Release|Any CPU
		{1A9E7DC5-B2C1-428F-9AA4-328F59FE4709}.Release|Any CPU.Build.0 = Release|Any CPU
		{20A684BE-406D-4ADD-AD85-B174EB68FBFA}.Debug|Any CPU.ActiveCfg = Debug|Any CPU
		{20A684BE-406D-4ADD-AD85-B174EB68FBFA}.Debug|Any CPU.Build.0 = Debug|Any CPU
		{20A684BE-406D-4ADD-AD85-B174EB68FBFA}.Release|Any CPU.ActiveCfg = Release|Any CPU
		{20A684BE-406D-4ADD-AD85-B174EB68FBFA}.Release|Any CPU.Build.0 = Release|Any CPU
		{8243A3E5-0351-4CCF-94AB-6B3781DA6420}.Debug|Any CPU.ActiveCfg = Debug|Any CPU
		{8243A3E5-0351-4CCF-94AB-6B3781DA6420}.Debug|Any CPU.Build.0 = Debug|Any CPU
		{8243A3E5-0351-4CCF-94AB-6B3781DA6420}.Release|Any CPU.ActiveCfg = Release|Any CPU
		{8243A3E5-0351-4CCF-94AB-6B3781DA6420}.Release|Any CPU.Build.0 = Release|Any CPU
	EndGlobalSection
	GlobalSection(SolutionProperties) = preSolution
		HideSolutionNode = FALSE
	EndGlobalSection
	GlobalSection(ExtensibilityGlobals) = postSolution
		SolutionGuid = {A2D20B4F-A6A3-4938-80A4-71A7CE5A519C}
	EndGlobalSection
EndGlobal
